// !$*UTF8*$!
{
   archiveVersion = "1";
   objectVersion = "46";
   objects = {
      "OBJ_1" = {
         isa = "PBXProject";
         attributes = {
            LastUpgradeCheck = "9999";
         };
         buildConfigurationList = "OBJ_2";
         compatibilityVersion = "Xcode 3.2";
         developmentRegion = "English";
         hasScannedForEncodings = "0";
         knownRegions = (
            "en"
         );
         mainGroup = "OBJ_5";
         productRefGroup = "OBJ_30";
         projectDirPath = ".";
         targets = (
            "Sledge::CollectionPlus",
            "Sledge::POSIX",
            "Path::Path",
            "Path::SwiftPMPackageDescription",
            "Path::PathPackageTests::ProductTarget",
            "Path::PathTests",
            "Sledge::Sledge",
            "Sledge::SwiftPMPackageDescription",
            "Sledge::StringPlus"
         );
      };
      "OBJ_10" = {
         isa = "PBXGroup";
         children = (
            "OBJ_11"
         );
         name = "Tests";
         path = "";
         sourceTree = "SOURCE_ROOT";
      };
      "OBJ_100" = {
         isa = "XCBuildConfiguration";
         buildSettings = {
            ENABLE_TESTABILITY = "YES";
            FRAMEWORK_SEARCH_PATHS = (
               "$(inherited)",
               "$(PLATFORM_DIR)/Developer/Library/Frameworks"
            );
            HEADER_SEARCH_PATHS = (
               "$(inherited)"
            );
            INFOPLIST_FILE = "Path.xcodeproj/Sledge_Info.plist";
            LD_RUNPATH_SEARCH_PATHS = (
               "$(inherited)",
               "$(TOOLCHAIN_DIR)/usr/lib/swift/macosx"
            );
            OTHER_CFLAGS = (
               "$(inherited)"
            );
            OTHER_LDFLAGS = (
               "$(inherited)"
            );
            OTHER_SWIFT_FLAGS = (
               "$(inherited)"
            );
            PRODUCT_BUNDLE_IDENTIFIER = "Sledge";
            PRODUCT_MODULE_NAME = "$(TARGET_NAME:c99extidentifier)";
            PRODUCT_NAME = "$(TARGET_NAME:c99extidentifier)";
            SKIP_INSTALL = "YES";
            SWIFT_ACTIVE_COMPILATION_CONDITIONS = (
               "$(inherited)"
            );
            SWIFT_VERSION = "4.0";
            TARGET_NAME = "Sledge";
         };
         name = "Release";
      };
      "OBJ_101" = {
         isa = "PBXSourcesBuildPhase";
         files = (
            "OBJ_102"
         );
      };
      "OBJ_102" = {
         isa = "PBXBuildFile";
         fileRef = "OBJ_23";
      };
      "OBJ_103" = {
         isa = "PBXFrameworksBuildPhase";
         files = (
            "OBJ_104",
            "OBJ_105",
            "OBJ_106"
         );
      };
      "OBJ_104" = {
         isa = "PBXBuildFile";
         fileRef = "Sledge::CollectionPlus::Product";
      };
      "OBJ_105" = {
         isa = "PBXBuildFile";
         fileRef = "Sledge::StringPlus::Product";
      };
      "OBJ_106" = {
         isa = "PBXBuildFile";
         fileRef = "Sledge::POSIX::Product";
      };
      "OBJ_107" = {
         isa = "PBXTargetDependency";
         target = "Sledge::CollectionPlus";
      };
      "OBJ_108" = {
         isa = "PBXTargetDependency";
         target = "Sledge::StringPlus";
      };
      "OBJ_109" = {
         isa = "PBXTargetDependency";
         target = "Sledge::POSIX";
      };
      "OBJ_11" = {
         isa = "PBXGroup";
         children = (
            "OBJ_12",
            "OBJ_13"
         );
         name = "PathTests";
         path = "Tests/PathTests";
         sourceTree = "SOURCE_ROOT";
      };
      "OBJ_111" = {
         isa = "XCConfigurationList";
         buildConfigurations = (
            "OBJ_112",
            "OBJ_113"
         );
         defaultConfigurationIsVisible = "0";
         defaultConfigurationName = "Release";
      };
      "OBJ_112" = {
         isa = "XCBuildConfiguration";
         buildSettings = {
            LD = "/usr/bin/true";
            OTHER_SWIFT_FLAGS = (
               "-swift-version",
               "4",
               "-I",
               "$(TOOLCHAIN_DIR)/usr/lib/swift/pm/4",
               "-target",
               "x86_64-apple-macosx10.10",
               "-sdk",
               "/Applications/Xcode.app/Contents/Developer/Platforms/MacOSX.platform/Developer/SDKs/MacOSX10.14.sdk"
            );
            SWIFT_VERSION = "4.0";
         };
         name = "Debug";
      };
      "OBJ_113" = {
         isa = "XCBuildConfiguration";
         buildSettings = {
            LD = "/usr/bin/true";
            OTHER_SWIFT_FLAGS = (
               "-swift-version",
               "4",
               "-I",
               "$(TOOLCHAIN_DIR)/usr/lib/swift/pm/4",
               "-target",
               "x86_64-apple-macosx10.10",
               "-sdk",
               "/Applications/Xcode.app/Contents/Developer/Platforms/MacOSX.platform/Developer/SDKs/MacOSX10.14.sdk"
            );
            SWIFT_VERSION = "4.0";
         };
         name = "Release";
      };
      "OBJ_114" = {
         isa = "PBXSourcesBuildPhase";
         files = (
            "OBJ_115"
         );
      };
      "OBJ_115" = {
         isa = "PBXBuildFile";
         fileRef = "OBJ_29";
      };
      "OBJ_116" = {
         isa = "XCConfigurationList";
         buildConfigurations = (
            "OBJ_117",
            "OBJ_118"
         );
         defaultConfigurationIsVisible = "0";
         defaultConfigurationName = "Release";
      };
      "OBJ_117" = {
         isa = "XCBuildConfiguration";
         buildSettings = {
            ENABLE_TESTABILITY = "YES";
            FRAMEWORK_SEARCH_PATHS = (
               "$(inherited)",
               "$(PLATFORM_DIR)/Developer/Library/Frameworks"
            );
            HEADER_SEARCH_PATHS = (
               "$(inherited)"
            );
            INFOPLIST_FILE = "Path.xcodeproj/StringPlus_Info.plist";
            LD_RUNPATH_SEARCH_PATHS = (
               "$(inherited)",
               "$(TOOLCHAIN_DIR)/usr/lib/swift/macosx"
            );
            OTHER_CFLAGS = (
               "$(inherited)"
            );
            OTHER_LDFLAGS = (
               "$(inherited)"
            );
            OTHER_SWIFT_FLAGS = (
               "$(inherited)"
            );
            PRODUCT_BUNDLE_IDENTIFIER = "StringPlus";
            PRODUCT_MODULE_NAME = "$(TARGET_NAME:c99extidentifier)";
            PRODUCT_NAME = "$(TARGET_NAME:c99extidentifier)";
            SKIP_INSTALL = "YES";
            SWIFT_ACTIVE_COMPILATION_CONDITIONS = (
               "$(inherited)"
            );
            SWIFT_VERSION = "4.0";
            TARGET_NAME = "StringPlus";
         };
         name = "Debug";
      };
      "OBJ_118" = {
         isa = "XCBuildConfiguration";
         buildSettings = {
            ENABLE_TESTABILITY = "YES";
            FRAMEWORK_SEARCH_PATHS = (
               "$(inherited)",
               "$(PLATFORM_DIR)/Developer/Library/Frameworks"
            );
            HEADER_SEARCH_PATHS = (
               "$(inherited)"
            );
            INFOPLIST_FILE = "Path.xcodeproj/StringPlus_Info.plist";
            LD_RUNPATH_SEARCH_PATHS = (
               "$(inherited)",
               "$(TOOLCHAIN_DIR)/usr/lib/swift/macosx"
            );
            OTHER_CFLAGS = (
               "$(inherited)"
            );
            OTHER_LDFLAGS = (
               "$(inherited)"
            );
            OTHER_SWIFT_FLAGS = (
               "$(inherited)"
            );
            PRODUCT_BUNDLE_IDENTIFIER = "StringPlus";
            PRODUCT_MODULE_NAME = "$(TARGET_NAME:c99extidentifier)";
            PRODUCT_NAME = "$(TARGET_NAME:c99extidentifier)";
            SKIP_INSTALL = "YES";
            SWIFT_ACTIVE_COMPILATION_CONDITIONS = (
               "$(inherited)"
            );
            SWIFT_VERSION = "4.0";
            TARGET_NAME = "StringPlus";
         };
         name = "Release";
      };
      "OBJ_119" = {
         isa = "PBXSourcesBuildPhase";
         files = (
            "OBJ_120"
         );
      };
      "OBJ_12" = {
         isa = "PBXFileReference";
         path = "PathTests.swift";
         sourceTree = "<group>";
      };
      "OBJ_120" = {
         isa = "PBXBuildFile";
         fileRef = "OBJ_27";
      };
      "OBJ_121" = {
         isa = "PBXFrameworksBuildPhase";
         files = (
         );
      };
      "OBJ_13" = {
         isa = "PBXFileReference";
         path = "XCTestManifests.swift";
         sourceTree = "<group>";
      };
      "OBJ_14" = {
         isa = "PBXGroup";
         children = (
            "OBJ_15"
         );
         name = "Dependencies";
         path = "";
         sourceTree = "<group>";
      };
      "OBJ_15" = {
         isa = "PBXGroup";
         children = (
            "OBJ_16",
            "OBJ_18",
            "OBJ_21",
            "OBJ_22",
            "OBJ_24",
            "OBJ_25",
            "OBJ_26",
            "OBJ_28",
            "OBJ_29"
         );
         name = "Sledge 0.0.5";
         path = "";
         sourceTree = "SOURCE_ROOT";
      };
      "OBJ_16" = {
         isa = "PBXGroup";
         children = (
            "OBJ_17"
         );
         name = "POSIX";
         path = ".build/checkouts/Sledge.git-1687859365916324185/Sources/POSIX";
         sourceTree = "SOURCE_ROOT";
      };
      "OBJ_17" = {
         isa = "PBXFileReference";
         path = "POSIX.swift";
         sourceTree = "<group>";
      };
      "OBJ_18" = {
         isa = "PBXGroup";
         children = (
            "OBJ_19",
            "OBJ_20"
         );
         name = "CollectionPlus";
         path = ".build/checkouts/Sledge.git-1687859365916324185/Sources/Plus/Collection+";
         sourceTree = "SOURCE_ROOT";
      };
      "OBJ_19" = {
         isa = "PBXFileReference";
         path = "Collection+.swift";
         sourceTree = "<group>";
      };
      "OBJ_2" = {
         isa = "XCConfigurationList";
         buildConfigurations = (
            "OBJ_3",
            "OBJ_4"
         );
         defaultConfigurationIsVisible = "0";
         defaultConfigurationName = "Release";
      };
      "OBJ_20" = {
         isa = "PBXFileReference";
         path = "Sequence+.swift";
         sourceTree = "<group>";
      };
      "OBJ_21" = {
         isa = "PBXGroup";
         children = (
         );
         name = "SemVer";
         path = ".build/checkouts/Sledge.git-1687859365916324185/Sources/SemVer";
         sourceTree = "SOURCE_ROOT";
      };
      "OBJ_22" = {
         isa = "PBXGroup";
         children = (
            "OBJ_23"
         );
         name = "Sledge";
         path = ".build/checkouts/Sledge.git-1687859365916324185/Sources/Sledge";
         sourceTree = "SOURCE_ROOT";
      };
      "OBJ_23" = {
         isa = "PBXFileReference";
         path = "Sledge.swift";
         sourceTree = "<group>";
      };
      "OBJ_24" = {
         isa = "PBXGroup";
         children = (
         );
         name = "Core";
         path = ".build/checkouts/Sledge.git-1687859365916324185/Sources/Core";
         sourceTree = "SOURCE_ROOT";
      };
      "OBJ_25" = {
         isa = "PBXGroup";
         children = (
         );
         name = "Generator";
         path = ".build/checkouts/Sledge.git-1687859365916324185/Sources/Generator";
         sourceTree = "SOURCE_ROOT";
      };
      "OBJ_26" = {
         isa = "PBXGroup";
         children = (
            "OBJ_27"
         );
         name = "StringPlus";
         path = ".build/checkouts/Sledge.git-1687859365916324185/Sources/Plus/String+";
         sourceTree = "SOURCE_ROOT";
      };
      "OBJ_27" = {
         isa = "PBXFileReference";
         path = "String+.swift";
         sourceTree = "<group>";
      };
      "OBJ_28" = {
         isa = "PBXGroup";
         children = (
         );
         name = "SafeAccessible";
         path = ".build/checkouts/Sledge.git-1687859365916324185/Sources/SafeAccessible";
         sourceTree = "SOURCE_ROOT";
      };
      "OBJ_29" = {
         isa = "PBXFileReference";
         explicitFileType = "sourcecode.swift";
         name = "Package.swift";
         path = "/Users/devedbox/Documents/Github/Path/.build/checkouts/Sledge.git-1687859365916324185/Package.swift";
         sourceTree = "<group>";
      };
      "OBJ_3" = {
         isa = "XCBuildConfiguration";
         buildSettings = {
            CLANG_ENABLE_OBJC_ARC = "YES";
            COMBINE_HIDPI_IMAGES = "YES";
            COPY_PHASE_STRIP = "NO";
            DEBUG_INFORMATION_FORMAT = "dwarf";
            DYLIB_INSTALL_NAME_BASE = "@rpath";
            ENABLE_NS_ASSERTIONS = "YES";
            GCC_OPTIMIZATION_LEVEL = "0";
            GCC_PREPROCESSOR_DEFINITIONS = (
               "DEBUG=1",
               "$(inherited)"
            );
            MACOSX_DEPLOYMENT_TARGET = "10.10";
            ONLY_ACTIVE_ARCH = "YES";
            OTHER_SWIFT_FLAGS = (
               "-DXcode"
            );
            PRODUCT_NAME = "$(TARGET_NAME)";
            SDKROOT = "macosx";
            SUPPORTED_PLATFORMS = (
               "macosx",
               "iphoneos",
               "iphonesimulator",
               "appletvos",
               "appletvsimulator",
               "watchos",
               "watchsimulator"
            );
            SWIFT_ACTIVE_COMPILATION_CONDITIONS = (
               "SWIFT_PACKAGE",
               "DEBUG"
            );
            SWIFT_OPTIMIZATION_LEVEL = "-Onone";
            USE_HEADERMAP = "NO";
         };
         name = "Debug";
      };
      "OBJ_30" = {
         isa = "PBXGroup";
         children = (
            "Sledge::Sledge::Product",
            "Path::PathTests::Product",
            "Sledge::CollectionPlus::Product",
            "Sledge::StringPlus::Product",
            "Path::Path::Product",
            "Sledge::POSIX::Product"
         );
         name = "Products";
         path = "";
         sourceTree = "BUILT_PRODUCTS_DIR";
      };
      "OBJ_38" = {
         isa = "XCConfigurationList";
         buildConfigurations = (
            "OBJ_39",
            "OBJ_40"
         );
         defaultConfigurationIsVisible = "0";
         defaultConfigurationName = "Release";
      };
      "OBJ_39" = {
         isa = "XCBuildConfiguration";
         buildSettings = {
            ENABLE_TESTABILITY = "YES";
            FRAMEWORK_SEARCH_PATHS = (
               "$(inherited)",
               "$(PLATFORM_DIR)/Developer/Library/Frameworks"
            );
            HEADER_SEARCH_PATHS = (
               "$(inherited)"
            );
            INFOPLIST_FILE = "Path.xcodeproj/CollectionPlus_Info.plist";
            LD_RUNPATH_SEARCH_PATHS = (
               "$(inherited)",
               "$(TOOLCHAIN_DIR)/usr/lib/swift/macosx"
            );
            OTHER_CFLAGS = (
               "$(inherited)"
            );
            OTHER_LDFLAGS = (
               "$(inherited)"
            );
            OTHER_SWIFT_FLAGS = (
               "$(inherited)"
            );
            PRODUCT_BUNDLE_IDENTIFIER = "CollectionPlus";
            PRODUCT_MODULE_NAME = "$(TARGET_NAME:c99extidentifier)";
            PRODUCT_NAME = "$(TARGET_NAME:c99extidentifier)";
            SKIP_INSTALL = "YES";
            SWIFT_ACTIVE_COMPILATION_CONDITIONS = (
               "$(inherited)"
            );
            SWIFT_VERSION = "4.0";
            TARGET_NAME = "CollectionPlus";
         };
         name = "Debug";
      };
      "OBJ_4" = {
         isa = "XCBuildConfiguration";
         buildSettings = {
            CLANG_ENABLE_OBJC_ARC = "YES";
            COMBINE_HIDPI_IMAGES = "YES";
            COPY_PHASE_STRIP = "YES";
            DEBUG_INFORMATION_FORMAT = "dwarf-with-dsym";
            DYLIB_INSTALL_NAME_BASE = "@rpath";
            GCC_OPTIMIZATION_LEVEL = "s";
            MACOSX_DEPLOYMENT_TARGET = "10.10";
            OTHER_SWIFT_FLAGS = (
               "-DXcode"
            );
            PRODUCT_NAME = "$(TARGET_NAME)";
            SDKROOT = "macosx";
            SUPPORTED_PLATFORMS = (
               "macosx",
               "iphoneos",
               "iphonesimulator",
               "appletvos",
               "appletvsimulator",
               "watchos",
               "watchsimulator"
            );
            SWIFT_ACTIVE_COMPILATION_CONDITIONS = (
               "SWIFT_PACKAGE"
            );
            SWIFT_OPTIMIZATION_LEVEL = "-Owholemodule";
            USE_HEADERMAP = "NO";
         };
         name = "Release";
      };
      "OBJ_40" = {
         isa = "XCBuildConfiguration";
         buildSettings = {
            ENABLE_TESTABILITY = "YES";
            FRAMEWORK_SEARCH_PATHS = (
               "$(inherited)",
               "$(PLATFORM_DIR)/Developer/Library/Frameworks"
            );
            HEADER_SEARCH_PATHS = (
               "$(inherited)"
            );
            INFOPLIST_FILE = "Path.xcodeproj/CollectionPlus_Info.plist";
            LD_RUNPATH_SEARCH_PATHS = (
               "$(inherited)",
               "$(TOOLCHAIN_DIR)/usr/lib/swift/macosx"
            );
            OTHER_CFLAGS = (
               "$(inherited)"
            );
            OTHER_LDFLAGS = (
               "$(inherited)"
            );
            OTHER_SWIFT_FLAGS = (
               "$(inherited)"
            );
            PRODUCT_BUNDLE_IDENTIFIER = "CollectionPlus";
            PRODUCT_MODULE_NAME = "$(TARGET_NAME:c99extidentifier)";
            PRODUCT_NAME = "$(TARGET_NAME:c99extidentifier)";
            SKIP_INSTALL = "YES";
            SWIFT_ACTIVE_COMPILATION_CONDITIONS = (
               "$(inherited)"
            );
            SWIFT_VERSION = "4.0";
            TARGET_NAME = "CollectionPlus";
         };
         name = "Release";
      };
      "OBJ_41" = {
         isa = "PBXSourcesBuildPhase";
         files = (
            "OBJ_42",
            "OBJ_43"
         );
      };
      "OBJ_42" = {
         isa = "PBXBuildFile";
         fileRef = "OBJ_19";
      };
      "OBJ_43" = {
         isa = "PBXBuildFile";
         fileRef = "OBJ_20";
      };
      "OBJ_44" = {
         isa = "PBXFrameworksBuildPhase";
         files = (
         );
      };
      "OBJ_46" = {
         isa = "XCConfigurationList";
         buildConfigurations = (
            "OBJ_47",
            "OBJ_48"
         );
         defaultConfigurationIsVisible = "0";
         defaultConfigurationName = "Release";
      };
      "OBJ_47" = {
         isa = "XCBuildConfiguration";
         buildSettings = {
            ENABLE_TESTABILITY = "YES";
            FRAMEWORK_SEARCH_PATHS = (
               "$(inherited)",
               "$(PLATFORM_DIR)/Developer/Library/Frameworks"
            );
            HEADER_SEARCH_PATHS = (
               "$(inherited)"
            );
            INFOPLIST_FILE = "Path.xcodeproj/POSIX_Info.plist";
            LD_RUNPATH_SEARCH_PATHS = (
               "$(inherited)",
               "$(TOOLCHAIN_DIR)/usr/lib/swift/macosx"
            );
            OTHER_CFLAGS = (
               "$(inherited)"
            );
            OTHER_LDFLAGS = (
               "$(inherited)"
            );
            OTHER_SWIFT_FLAGS = (
               "$(inherited)"
            );
            PRODUCT_BUNDLE_IDENTIFIER = "POSIX";
            PRODUCT_MODULE_NAME = "$(TARGET_NAME:c99extidentifier)";
            PRODUCT_NAME = "$(TARGET_NAME:c99extidentifier)";
            SKIP_INSTALL = "YES";
            SWIFT_ACTIVE_COMPILATION_CONDITIONS = (
               "$(inherited)"
            );
            SWIFT_VERSION = "4.0";
            TARGET_NAME = "POSIX";
         };
         name = "Debug";
      };
      "OBJ_48" = {
         isa = "XCBuildConfiguration";
         buildSettings = {
            ENABLE_TESTABILITY = "YES";
            FRAMEWORK_SEARCH_PATHS = (
               "$(inherited)",
               "$(PLATFORM_DIR)/Developer/Library/Frameworks"
            );
            HEADER_SEARCH_PATHS = (
               "$(inherited)"
            );
            INFOPLIST_FILE = "Path.xcodeproj/POSIX_Info.plist";
            LD_RUNPATH_SEARCH_PATHS = (
               "$(inherited)",
               "$(TOOLCHAIN_DIR)/usr/lib/swift/macosx"
            );
            OTHER_CFLAGS = (
               "$(inherited)"
            );
            OTHER_LDFLAGS = (
               "$(inherited)"
            );
            OTHER_SWIFT_FLAGS = (
               "$(inherited)"
            );
            PRODUCT_BUNDLE_IDENTIFIER = "POSIX";
            PRODUCT_MODULE_NAME = "$(TARGET_NAME:c99extidentifier)";
            PRODUCT_NAME = "$(TARGET_NAME:c99extidentifier)";
            SKIP_INSTALL = "YES";
            SWIFT_ACTIVE_COMPILATION_CONDITIONS = (
               "$(inherited)"
            );
            SWIFT_VERSION = "4.0";
            TARGET_NAME = "POSIX";
         };
         name = "Release";
      };
      "OBJ_49" = {
         isa = "PBXSourcesBuildPhase";
         files = (
            "OBJ_50"
         );
      };
      "OBJ_5" = {
         isa = "PBXGroup";
         children = (
            "OBJ_6",
            "OBJ_7",
            "OBJ_10",
            "OBJ_14",
            "OBJ_30"
         );
         path = "";
         sourceTree = "<group>";
      };
      "OBJ_50" = {
         isa = "PBXBuildFile";
         fileRef = "OBJ_17";
      };
      "OBJ_51" = {
         isa = "PBXFrameworksBuildPhase";
         files = (
         );
      };
      "OBJ_53" = {
         isa = "XCConfigurationList";
         buildConfigurations = (
            "OBJ_54",
            "OBJ_55"
         );
         defaultConfigurationIsVisible = "0";
         defaultConfigurationName = "Release";
      };
      "OBJ_54" = {
         isa = "XCBuildConfiguration";
         buildSettings = {
            ENABLE_TESTABILITY = "YES";
            FRAMEWORK_SEARCH_PATHS = (
               "$(inherited)",
               "$(PLATFORM_DIR)/Developer/Library/Frameworks"
            );
            HEADER_SEARCH_PATHS = (
               "$(inherited)"
            );
            INFOPLIST_FILE = "Path.xcodeproj/Path_Info.plist";
            LD_RUNPATH_SEARCH_PATHS = (
               "$(inherited)",
               "$(TOOLCHAIN_DIR)/usr/lib/swift/macosx"
            );
            OTHER_CFLAGS = (
               "$(inherited)"
            );
            OTHER_LDFLAGS = (
               "$(inherited)"
            );
            OTHER_SWIFT_FLAGS = (
               "$(inherited)"
            );
            PRODUCT_BUNDLE_IDENTIFIER = "Path";
            PRODUCT_MODULE_NAME = "$(TARGET_NAME:c99extidentifier)";
            PRODUCT_NAME = "$(TARGET_NAME:c99extidentifier)";
            SKIP_INSTALL = "YES";
            SWIFT_ACTIVE_COMPILATION_CONDITIONS = (
               "$(inherited)"
            );
            SWIFT_VERSION = "4.2";
            TARGET_NAME = "Path";
         };
         name = "Debug";
      };
      "OBJ_55" = {
         isa = "XCBuildConfiguration";
         buildSettings = {
            ENABLE_TESTABILITY = "YES";
            FRAMEWORK_SEARCH_PATHS = (
               "$(inherited)",
               "$(PLATFORM_DIR)/Developer/Library/Frameworks"
            );
            HEADER_SEARCH_PATHS = (
               "$(inherited)"
            );
            INFOPLIST_FILE = "Path.xcodeproj/Path_Info.plist";
            LD_RUNPATH_SEARCH_PATHS = (
               "$(inherited)",
               "$(TOOLCHAIN_DIR)/usr/lib/swift/macosx"
            );
            OTHER_CFLAGS = (
               "$(inherited)"
            );
            OTHER_LDFLAGS = (
               "$(inherited)"
            );
            OTHER_SWIFT_FLAGS = (
               "$(inherited)"
            );
            PRODUCT_BUNDLE_IDENTIFIER = "Path";
            PRODUCT_MODULE_NAME = "$(TARGET_NAME:c99extidentifier)";
            PRODUCT_NAME = "$(TARGET_NAME:c99extidentifier)";
            SKIP_INSTALL = "YES";
            SWIFT_ACTIVE_COMPILATION_CONDITIONS = (
               "$(inherited)"
            );
            SWIFT_VERSION = "4.2";
            TARGET_NAME = "Path";
         };
         name = "Release";
      };
      "OBJ_56" = {
         isa = "PBXSourcesBuildPhase";
         files = (
            "OBJ_57"
         );
      };
      "OBJ_57" = {
         isa = "PBXBuildFile";
         fileRef = "OBJ_9";
      };
      "OBJ_58" = {
         isa = "PBXFrameworksBuildPhase";
         files = (
            "OBJ_59",
            "OBJ_60",
            "OBJ_61",
            "OBJ_62"
         );
      };
      "OBJ_59" = {
         isa = "PBXBuildFile";
         fileRef = "Sledge::Sledge::Product";
      };
      "OBJ_6" = {
         isa = "PBXFileReference";
         explicitFileType = "sourcecode.swift";
         path = "Package.swift";
         sourceTree = "<group>";
      };
      "OBJ_60" = {
         isa = "PBXBuildFile";
         fileRef = "Sledge::CollectionPlus::Product";
      };
      "OBJ_61" = {
         isa = "PBXBuildFile";
         fileRef = "Sledge::StringPlus::Product";
      };
      "OBJ_62" = {
         isa = "PBXBuildFile";
         fileRef = "Sledge::POSIX::Product";
      };
      "OBJ_63" = {
         isa = "PBXTargetDependency";
         target = "Sledge::Sledge";
      };
      "OBJ_65" = {
         isa = "PBXTargetDependency";
         target = "Sledge::CollectionPlus";
      };
      "OBJ_66" = {
         isa = "PBXTargetDependency";
         target = "Sledge::StringPlus";
      };
      "OBJ_68" = {
         isa = "PBXTargetDependency";
         target = "Sledge::POSIX";
      };
      "OBJ_7" = {
         isa = "PBXGroup";
         children = (
            "OBJ_8"
         );
         name = "Sources";
         path = "";
         sourceTree = "SOURCE_ROOT";
      };
      "OBJ_70" = {
         isa = "XCConfigurationList";
         buildConfigurations = (
            "OBJ_71",
            "OBJ_72"
         );
         defaultConfigurationIsVisible = "0";
         defaultConfigurationName = "Release";
      };
      "OBJ_71" = {
         isa = "XCBuildConfiguration";
         buildSettings = {
            LD = "/usr/bin/true";
            OTHER_SWIFT_FLAGS = (
               "-swift-version",
               "4.2",
               "-I",
               "$(TOOLCHAIN_DIR)/usr/lib/swift/pm/4_2",
               "-target",
               "x86_64-apple-macosx10.10",
               "-sdk",
               "/Applications/Xcode.app/Contents/Developer/Platforms/MacOSX.platform/Developer/SDKs/MacOSX10.14.sdk"
            );
            SWIFT_VERSION = "4.2";
         };
         name = "Debug";
      };
      "OBJ_72" = {
         isa = "XCBuildConfiguration";
         buildSettings = {
            LD = "/usr/bin/true";
            OTHER_SWIFT_FLAGS = (
               "-swift-version",
               "4.2",
               "-I",
               "$(TOOLCHAIN_DIR)/usr/lib/swift/pm/4_2",
               "-target",
               "x86_64-apple-macosx10.10",
               "-sdk",
               "/Applications/Xcode.app/Contents/Developer/Platforms/MacOSX.platform/Developer/SDKs/MacOSX10.14.sdk"
            );
            SWIFT_VERSION = "4.2";
         };
         name = "Release";
      };
      "OBJ_73" = {
         isa = "PBXSourcesBuildPhase";
         files = (
            "OBJ_74"
         );
      };
      "OBJ_74" = {
         isa = "PBXBuildFile";
         fileRef = "OBJ_6";
      };
      "OBJ_76" = {
         isa = "XCConfigurationList";
         buildConfigurations = (
            "OBJ_77",
            "OBJ_78"
         );
         defaultConfigurationIsVisible = "0";
         defaultConfigurationName = "Release";
      };
      "OBJ_77" = {
         isa = "XCBuildConfiguration";
         buildSettings = {
         };
         name = "Debug";
      };
      "OBJ_78" = {
         isa = "XCBuildConfiguration";
         buildSettings = {
         };
         name = "Release";
      };
      "OBJ_79" = {
         isa = "PBXTargetDependency";
         target = "Path::PathTests";
      };
      "OBJ_8" = {
         isa = "PBXGroup";
         children = (
            "OBJ_9"
         );
         name = "Path";
         path = "Sources/Path";
         sourceTree = "SOURCE_ROOT";
      };
      "OBJ_81" = {
         isa = "XCConfigurationList";
         buildConfigurations = (
            "OBJ_82",
            "OBJ_83"
         );
         defaultConfigurationIsVisible = "0";
         defaultConfigurationName = "Release";
      };
      "OBJ_82" = {
         isa = "XCBuildConfiguration";
         buildSettings = {
            CLANG_ENABLE_MODULES = "YES";
            EMBEDDED_CONTENT_CONTAINS_SWIFT = "YES";
            FRAMEWORK_SEARCH_PATHS = (
               "$(inherited)",
               "$(PLATFORM_DIR)/Developer/Library/Frameworks"
            );
            HEADER_SEARCH_PATHS = (
               "$(inherited)"
            );
            INFOPLIST_FILE = "Path.xcodeproj/PathTests_Info.plist";
            LD_RUNPATH_SEARCH_PATHS = (
               "$(inherited)",
               "@loader_path/../Frameworks",
               "@loader_path/Frameworks"
            );
            OTHER_CFLAGS = (
               "$(inherited)"
            );
            OTHER_LDFLAGS = (
               "$(inherited)"
            );
            OTHER_SWIFT_FLAGS = (
               "$(inherited)"
            );
            SWIFT_ACTIVE_COMPILATION_CONDITIONS = (
               "$(inherited)"
            );
            SWIFT_VERSION = "4.2";
            TARGET_NAME = "PathTests";
         };
         name = "Debug";
      };
      "OBJ_83" = {
         isa = "XCBuildConfiguration";
         buildSettings = {
            CLANG_ENABLE_MODULES = "YES";
            EMBEDDED_CONTENT_CONTAINS_SWIFT = "YES";
            FRAMEWORK_SEARCH_PATHS = (
               "$(inherited)",
               "$(PLATFORM_DIR)/Developer/Library/Frameworks"
            );
            HEADER_SEARCH_PATHS = (
               "$(inherited)"
            );
            INFOPLIST_FILE = "Path.xcodeproj/PathTests_Info.plist";
            LD_RUNPATH_SEARCH_PATHS = (
               "$(inherited)",
               "@loader_path/../Frameworks",
               "@loader_path/Frameworks"
            );
            OTHER_CFLAGS = (
               "$(inherited)"
            );
            OTHER_LDFLAGS = (
               "$(inherited)"
            );
            OTHER_SWIFT_FLAGS = (
               "$(inherited)"
            );
            SWIFT_ACTIVE_COMPILATION_CONDITIONS = (
               "$(inherited)"
            );
            SWIFT_VERSION = "4.2";
            TARGET_NAME = "PathTests";
         };
         name = "Release";
      };
      "OBJ_84" = {
         isa = "PBXSourcesBuildPhase";
         files = (
            "OBJ_85",
            "OBJ_86"
         );
      };
      "OBJ_85" = {
         isa = "PBXBuildFile";
         fileRef = "OBJ_12";
      };
      "OBJ_86" = {
         isa = "PBXBuildFile";
         fileRef = "OBJ_13";
      };
      "OBJ_87" = {
         isa = "PBXFrameworksBuildPhase";
         files = (
            "OBJ_88",
            "OBJ_89",
            "OBJ_90",
            "OBJ_91",
            "OBJ_92"
         );
      };
      "OBJ_88" = {
         isa = "PBXBuildFile";
         fileRef = "Path::Path::Product";
      };
      "OBJ_89" = {
         isa = "PBXBuildFile";
         fileRef = "Sledge::Sledge::Product";
      };
      "OBJ_9" = {
         isa = "PBXFileReference";
         path = "Path.swift";
         sourceTree = "<group>";
      };
      "OBJ_90" = {
         isa = "PBXBuildFile";
         fileRef = "Sledge::CollectionPlus::Product";
      };
      "OBJ_91" = {
         isa = "PBXBuildFile";
         fileRef = "Sledge::StringPlus::Product";
      };
      "OBJ_92" = {
         isa = "PBXBuildFile";
         fileRef = "Sledge::POSIX::Product";
      };
      "OBJ_93" = {
         isa = "PBXTargetDependency";
         target = "Path::Path";
      };
      "OBJ_94" = {
         isa = "PBXTargetDependency";
         target = "Sledge::Sledge";
      };
      "OBJ_95" = {
         isa = "PBXTargetDependency";
         target = "Sledge::CollectionPlus";
      };
      "OBJ_96" = {
         isa = "PBXTargetDependency";
         target = "Sledge::StringPlus";
      };
      "OBJ_97" = {
         isa = "PBXTargetDependency";
         target = "Sledge::POSIX";
      };
      "OBJ_98" = {
         isa = "XCConfigurationList";
         buildConfigurations = (
            "OBJ_99",
            "OBJ_100"
         );
         defaultConfigurationIsVisible = "0";
         defaultConfigurationName = "Release";
      };
      "OBJ_99" = {
         isa = "XCBuildConfiguration";
         buildSettings = {
            ENABLE_TESTABILITY = "YES";
            FRAMEWORK_SEARCH_PATHS = (
               "$(inherited)",
               "$(PLATFORM_DIR)/Developer/Library/Frameworks"
            );
            HEADER_SEARCH_PATHS = (
               "$(inherited)"
            );
            INFOPLIST_FILE = "Path.xcodeproj/Sledge_Info.plist";
            LD_RUNPATH_SEARCH_PATHS = (
               "$(inherited)",
               "$(TOOLCHAIN_DIR)/usr/lib/swift/macosx"
            );
            OTHER_CFLAGS = (
               "$(inherited)"
            );
            OTHER_LDFLAGS = (
               "$(inherited)"
            );
            OTHER_SWIFT_FLAGS = (
               "$(inherited)"
            );
            PRODUCT_BUNDLE_IDENTIFIER = "Sledge";
            PRODUCT_MODULE_NAME = "$(TARGET_NAME:c99extidentifier)";
            PRODUCT_NAME = "$(TARGET_NAME:c99extidentifier)";
            SKIP_INSTALL = "YES";
            SWIFT_ACTIVE_COMPILATION_CONDITIONS = (
               "$(inherited)"
            );
            SWIFT_VERSION = "4.0";
            TARGET_NAME = "Sledge";
         };
         name = "Debug";
      };
      "Path::Path" = {
         isa = "PBXNativeTarget";
         buildConfigurationList = "OBJ_53";
         buildPhases = (
            "OBJ_56",
            "OBJ_58"
         );
         dependencies = (
            "OBJ_63",
            "OBJ_65",
            "OBJ_66",
            "OBJ_68"
         );
         name = "Path";
         productName = "Path";
         productReference = "Path::Path::Product";
         productType = "com.apple.product-type.framework";
      };
      "Path::Path::Product" = {
         isa = "PBXFileReference";
         path = "Path.framework";
         sourceTree = "BUILT_PRODUCTS_DIR";
      };
      "Path::PathPackageTests::ProductTarget" = {
         isa = "PBXAggregateTarget";
         buildConfigurationList = "OBJ_76";
         buildPhases = (
         );
         dependencies = (
            "OBJ_79"
         );
         name = "PathPackageTests";
         productName = "PathPackageTests";
      };
      "Path::PathTests" = {
         isa = "PBXNativeTarget";
         buildConfigurationList = "OBJ_81";
         buildPhases = (
            "OBJ_84",
            "OBJ_87"
         );
         dependencies = (
            "OBJ_93",
            "OBJ_94",
            "OBJ_95",
            "OBJ_96",
            "OBJ_97"
         );
         name = "PathTests";
         productName = "PathTests";
         productReference = "Path::PathTests::Product";
         productType = "com.apple.product-type.bundle.unit-test";
      };
      "Path::PathTests::Product" = {
         isa = "PBXFileReference";
         path = "PathTests.xctest";
         sourceTree = "BUILT_PRODUCTS_DIR";
      };
      "Path::SwiftPMPackageDescription" = {
         isa = "PBXNativeTarget";
         buildConfigurationList = "OBJ_70";
         buildPhases = (
            "OBJ_73"
         );
         dependencies = (
         );
         name = "PathPackageDescription";
         productName = "PathPackageDescription";
         productType = "com.apple.product-type.framework";
      };
      "Sledge::CollectionPlus" = {
         isa = "PBXNativeTarget";
         buildConfigurationList = "OBJ_38";
         buildPhases = (
            "OBJ_41",
            "OBJ_44"
         );
         dependencies = (
         );
         name = "CollectionPlus";
         productName = "CollectionPlus";
         productReference = "Sledge::CollectionPlus::Product";
         productType = "com.apple.product-type.framework";
      };
      "Sledge::CollectionPlus::Product" = {
         isa = "PBXFileReference";
         path = "CollectionPlus.framework";
         sourceTree = "BUILT_PRODUCTS_DIR";
      };
      "Sledge::POSIX" = {
         isa = "PBXNativeTarget";
         buildConfigurationList = "OBJ_46";
         buildPhases = (
            "OBJ_49",
            "OBJ_51"
         );
         dependencies = (
         );
         name = "POSIX";
         productName = "POSIX";
         productReference = "Sledge::POSIX::Product";
         productType = "com.apple.product-type.framework";
      };
      "Sledge::POSIX::Product" = {
         isa = "PBXFileReference";
         path = "POSIX.framework";
         sourceTree = "BUILT_PRODUCTS_DIR";
      };
      "Sledge::Sledge" = {
         isa = "PBXNativeTarget";
         buildConfigurationList = "OBJ_98";
         buildPhases = (
            "OBJ_101",
            "OBJ_103"
         );
         dependencies = (
            "OBJ_107",
            "OBJ_108",
            "OBJ_109"
         );
         name = "Sledge";
         productName = "Sledge";
         productReference = "Sledge::Sledge::Product";
         productType = "com.apple.product-type.framework";
      };
      "Sledge::Sledge::Product" = {
         isa = "PBXFileReference";
         path = "Sledge.framework";
         sourceTree = "BUILT_PRODUCTS_DIR";
      };
      "Sledge::StringPlus" = {
         isa = "PBXNativeTarget";
         buildConfigurationList = "OBJ_116";
         buildPhases = (
            "OBJ_119",
            "OBJ_121"
         );
         dependencies = (
         );
         name = "StringPlus";
         productName = "StringPlus";
         productReference = "Sledge::StringPlus::Product";
         productType = "com.apple.product-type.framework";
      };
      "Sledge::StringPlus::Product" = {
         isa = "PBXFileReference";
         path = "StringPlus.framework";
         sourceTree = "BUILT_PRODUCTS_DIR";
      };
      "Sledge::SwiftPMPackageDescription" = {
         isa = "PBXNativeTarget";
         buildConfigurationList = "OBJ_111";
         buildPhases = (
            "OBJ_114"
         );
         dependencies = (
         );
         name = "SledgePackageDescription";
         productName = "SledgePackageDescription";
         productType = "com.apple.product-type.framework";
      };
   };
   rootObject = "OBJ_1";
}
